filippo.io/edwards25519 v1.1.0 h1:FNf4tywRC1HmFuKW5xopWpigGjJKiJSV0Cqo0cJWDaA=
filippo.io/edwards25519 v1.1.0/go.mod h1:BxyFTGdWcka3PhytdK4V28tE5sGfRvvvRV7EaN4VDT4=
fortio.org/cli v1.9.2 h1:17eJ8QZPjXHcLBpeCe0QMO/0fj5Bw0ZTxVgL7V9jOqc=
fortio.org/cli v1.9.2/go.mod h1:7r55OoTV8NXcTvJT4boWk8s3I2LP6TMZh/0LLMJEYw0=
fortio.org/log v1.17.1 h1:YQoGyZBnXTVIs77/nZw7BppwSOIamP3I092PGBenBZs=
fortio.org/log v1.17.1/go.mod h1:t58Spg9njjymvRioh5F6qKGSupEsnMjXLGWIS1i3khE=
fortio.org/struct2env v0.4.1 h1:rJludAMO5eBvpWplWEQNqoVDFZr4RWMQX7RUapgZyc0=
fortio.org/struct2env v0.4.1/go.mod h1:lENUe70UwA1zDUCX+8AsO663QCFqYaprk5lnPhjD410=
fortio.org/version v1.0.4 h1:FWUMpJ+hVTNc4RhvvOJzb0xesrlRmG/a+D6bjbQ4+5U=
fortio.org/version v1.0.4/go.mod h1:2JQp9Ax+tm6QKiGuzR5nJY63kFeANcgrZ0osoQFDVm0=
github.com/go-sql-driver/mysql v1.8.1 h1:LedoTUt/eveggdHS9qUFC1EFSa8bU2+1pZjSRpvNJ1Y=
github.com/go-sql-driver/mysql v1.8.1/go.mod h1:wEBSXgmK//2ZFJyE+qWnIsVGmvmEKlqwuVSjsCm7DZg=
github.com/kortschak/goroutine v1.1.2 h1:lhllcCuERxMIK5cYr8yohZZScL1na+JM5JYPRclWjck=
github.com/kortschak/goroutine v1.1.2/go.mod h1:zKpXs1FWN/6mXasDQzfl7g0LrGFIOiA6cLs9eXKyaMY=
golang.org/x/crypto/x509roots/fallback v0.0.0-20240626151235-a6a393ffd658 h1:i7K6wQLN/0oxF7FT3tKkfMCstxoT4VGG36YIB9ZKLzI=
golang.org/x/crypto/x509roots/fallback v0.0.0-20240626151235-a6a393ffd658/go.mod h1:kNa9WdvYnzFwC79zRpLRMJbdEFlhyM5RPFBBZp/wWH8=
