filippo.io/edwards25519 v1.2.0 h1:crnVqOiS4jqYleHd9vaKZ+HKtHfllngJIiOpNpoJsjo=
filippo.io/edwards25519 v1.2.0/go.mod h1:xzAOLCNug/yB62zG1bQ8uziwrIqIuxhctzJT18Q77mc=
fortio.org/cli v1.12.3 h1:PoqlAgkClqEv9Ztj4HK/J55UodnTc3Z+Ignm0ggyei4=
fortio.org/cli v1.12.3/go.mod h1:miR0uK+QAJLctpMGeeYvuS/8SldOVJ5jyDl8d+bes8Q=
fortio.org/log v1.18.3 h1:2kwEUise3faY4OouueQ/1tC+75Y2YGJjJaX2/ECmu4I=
fortio.org/log v1.18.3/go.mod h1:vqpyEZd/TP4xO5eAHQaa4buDZDCn1AxCAV+wl3eaTec=
fortio.org/struct2env v0.4.2 h1:Xh7HlS9vf2ZdRvRfmoGIasNDO8t6z36M713utVODRCo=
fortio.org/struct2env v0.4.2/go.mod h1:lENUe70UwA1zDUCX+8AsO663QCFqYaprk5lnPhjD410=
fortio.org/version v1.0.4 h1:FWUMpJ+hVTNc4RhvvOJzb0xesrlRmG/a+D6bjbQ4+5U=
fortio.org/version v1.0.4/go.mod h1:2JQp9Ax+tm6QKiGuzR5nJY63kFeANcgrZ0osoQFDVm0=
github.com/go-sql-driver/mysql v1.10.1 h1:arlSnNLq6a5yxGxV7qg9lF4j0C+KwD6NbQyKr9QL6ME=
github.com/go-sql-driver/mysql v1.10.1/go.mod h1:M+cqaI7+xxXGG9swrdeUIoPG3Y3KCkF0pZej+SK+nWk=
github.com/kortschak/goroutine v1.1.3 h1:kELvAfi7jpVD7a+MPWjmIxuQVJVYo/RELaOeGJZBb88=
github.com/kortschak/goroutine v1.1.3/go.mod h1:zKpXs1FWN/6mXasDQzfl7g0LrGFIOiA6cLs9eXKyaMY=
golang.org/x/crypto/x509roots/fallback v0.0.0-20261005185213-c3db4df58582 h1:wjDBrGbfLuifgrVLFEWUBJYAfh5Q1wkMc5t0FY0tCbs=
golang.org/x/crypto/x509roots/fallback v0.0.0-20261005185213-c3db4df58582/go.mod h1:HPze8vhfG6fO06AM+VSvxRm4E3+5Yk375mgrJ5M2z1E=
